{
  "lockfileVersion": 1,
  "dependencies": {
    "launch-editor": {
      "version": "2.6.1",
      "resolved": "https://registry.npmjs.org/launch-editor/-/launch-editor-2.6.1.tgz",
      "integrity": "sha512-eB/uXmFVpY4zezmGp5XtU21kwo7GBbKB+EQ+UZeWtGb9yAM5xt/Evk+lYH3eRNAtId+ej4u7TYPFZ07w4s7rRw=="
    },
    "launch-editor-middleware": {
      "version": "2.2.1",
      "resolved": "https://registry.npmjs.org/launch-editor-middleware/-/launch-editor-middleware-2.2.1.tgz",
      "integrity": "sha512-s0UO2/gEGiCgei3/2UN3SMuUj1phjQN8lcpnvgLSz26fAzNWPQ6Nf/kF5IFClnfU2ehp6LrmKdMU/beveO+2jg=="
    },
    "picocolors": {
      "version": "1.0.0",
      "resolved": "https://registry.npmjs.org/picocolors/-/picocolors-1.0.0.tgz",
      "integrity": "sha512-1fygroTLlHu66zi26VoTDv8yRgm0Fccecssto+MhsZ0D/DGW2sm8E8AjW7NU5VVTRt5GxbeZ5qBuJr+HyLYkjQ=="
    },
    "shell-quote": {
      "version": "1.8.1",
      "resolved": "https://registry.npmjs.org/shell-quote/-/shell-quote-1.8.1.tgz",
      "integrity": "sha512-6j1W9l1iAs/4xYBI1SYOVZyFcCis9b4KCLQ8fgAGG07QvzaRLVVRQvAy85yNmmZSjYjg4MWh4gNvlPujU/5LpA=="
    }
  }
}
